
Microsoft Visual Studio Solution File, Format Version 12.00
# Visual Studio 15
VisualStudioVersion = 15.0.26730.15
MinimumVisualStudioVersion = 10.0.40219.1
Project("{FAE04EC0-301F-11D3-BF4B-00C04F79EFBC}") = "CETA Shuttle Tracker", "CETA Shuttle Tracker\CETA Shuttle Tracker.csproj", "{4B74E636-71C9-4A5F-B5D4-21C7B422D085}"
EndProject
Global
	GlobalSection(SolutionConfigurationPlatforms) = preSolution
		Debug|Any CPU = Debug|Any CPU
		Release|Any CPU = Release|Any CPU
	EndGlobalSection
	GlobalSection(ProjectConfigurationPlatforms) = postSolution
		{4B74E636-71C9-4A5F-B5D4-21C7B422D085}.Debug|Any CPU.ActiveCfg = Debug|Any CPU
		{4B74E636-71C9-4A5F-B5D4-21C7B422D085}.Debug|Any CPU.Build.0 = Debug|Any CPU
		{4B74E636-71C9-4A5F-B5D4-21C7B422D085}.Release|Any CPU.ActiveCfg = Release|Any CPU
		{4B74E636-71C9-4A5F-B5D4-21C7B422D085}.Release|Any CPU.Build.0 = Release|Any CPU
	EndGlobalSection
	GlobalSection(SolutionProperties) = preSolution
		HideSolutionNode = FALSE
	EndGlobalSection
	GlobalSection(ExtensibilityGlobals) = postSolution
		SolutionGuid = {D2F6D1F9-2D36-497B-BA27-4EDACCEFE33E}
	EndGlobalSection
EndGlobal
